
Microsoft Visual Studio Solution File, Format Version 12.00
# Visual Studio 15
VisualStudioVersion = 15.0.28010.2050
MinimumVisualStudioVersion = 10.0.40219.1
Project("{FAE04EC0-301F-11D3-BF4B-00C04F79EFBC}") = "AZ200-LearningActivity-Blob", "AZ200-LearningActivity-Blob\AZ200-LearningActivity-Blob.csproj", "{56FEC6CF-C932-4058-98EE-E43DC13EA8EF}"
EndProject
Global
	GlobalSection(SolutionConfigurationPlatforms) = preSolution
		Debug|Any CPU = Debug|Any CPU
		Release|Any CPU = Release|Any CPU
	EndGlobalSection
	GlobalSection(ProjectConfigurationPlatforms) = postSolution
		{56FEC6CF-C932-4058-98EE-E43DC13EA8EF}.Debug|Any CPU.ActiveCfg = Debug|Any CPU
		{56FEC6CF-C932-4058-98EE-E43DC13EA8EF}.Debug|Any CPU.Build.0 = Debug|Any CPU
		{56FEC6CF-C932-4058-98EE-E43DC13EA8EF}.Release|Any CPU.ActiveCfg = Release|Any CPU
		{56FEC6CF-C932-4058-98EE-E43DC13EA8EF}.Release|Any CPU.Build.0 = Release|Any CPU
	EndGlobalSection
	GlobalSection(SolutionProperties) = preSolution
		HideSolutionNode = FALSE
	EndGlobalSection
	GlobalSection(ExtensibilityGlobals) = postSolution
		SolutionGuid = {F7E623EE-129A-40BD-A389-1059EAF09FE4}
	EndGlobalSection
EndGlobal

